{
  "name": "swirl",
  "version": "0.0.1",
  "lockfileVersion": 2,
  "requires": true,
  "packages": {
    "": {
      "name": "swirl",
      "version": "0.0.1",
      "devDependencies": {
        "prettier": "^2.5.0",
        "turbo": "^1.2.8",
        "typescript": ">=3.0.0"
      },
      "workspaces": {
        "packages": [
          "swirl-tokens"
        ]
      }
    },
    "node_modules/prettier": {
      "version": "2.6.2",
      "resolved": "https://registry.npmjs.org/prettier/-/prettier-2.6.2.tgz",
      "integrity": "sha512-PkUpF+qoXTqhOeWL9fu7As8LXsIUZ1WYaJiY/a7McAQzxjk82OF0tibkFXVCDImZtWxbvojFjerkiLb0/q8mew==",
      "dev": true,
      "bin": {
        "prettier": "bin-prettier.js"
      },
      "engines": {
        "node": ">=10.13.0"
      },
      "funding": {
        "url": "https://github.com/prettier/prettier?sponsor=1"
      }
    },
    "node_modules/turbo": {
      "version": "1.2.11",
      "resolved": "https://registry.npmjs.org/turbo/-/turbo-1.2.11.tgz",
      "integrity": "sha512-m10xpV4QzTf6Cx/zpUflauXVjI4KK5BY5Msz0OBbt2qWU640JM/qWHGNAs12ZgosdwR9rw1bv9PgmuVCNbY0pg==",
      "dev": true,
      "hasInstallScript": true,
      "bin": {
        "turbo": "bin/turbo"
      },
      "optionalDependencies": {
        "turbo-darwin-64": "1.2.11",
        "turbo-darwin-arm64": "1.2.11",
        "turbo-freebsd-64": "1.2.11",
        "turbo-freebsd-arm64": "1.2.11",
        "turbo-linux-32": "1.2.11",
        "turbo-linux-64": "1.2.11",
        "turbo-linux-arm": "1.2.11",
        "turbo-linux-arm64": "1.2.11",
        "turbo-linux-mips64le": "1.2.11",
        "turbo-linux-ppc64le": "1.2.11",
        "turbo-windows-32": "1.2.11",
        "turbo-windows-64": "1.2.11",
        "turbo-windows-arm64": "1.2.11"
      }
    },
    "node_modules/turbo-darwin-64": {
      "version": "1.2.11",
      "resolved": "https://registry.npmjs.org/turbo-darwin-64/-/turbo-darwin-64-1.2.11.tgz",
      "integrity": "sha512-UupYR63l7UaUPW6cKUSlpA98hEeCh1OSPWFf02igbvADUCi54Hv0uy4uNZPPago0NKFmmeGUO2wcsLIFrAZYrA==",
      "cpu": [
        "x64"
      ],
      "dev": true,
      "optional": true,
      "os": [
        "darwin"
      ]
    },
    "node_modules/turbo-darwin-arm64": {
      "version": "1.2.11",
      "resolved": "https://registry.npmjs.org/turbo-darwin-arm64/-/turbo-darwin-arm64-1.2.11.tgz",
      "integrity": "sha512-Bvd1UDNrZuDTFXPN1/Yg/p2AyhzY2KtoAyvhGrF30SM1d2k8G9HtO7z47eX4pvF6biNd5+d7WN+kwLs74UzBmw==",
      "cpu": [
        "arm64"
      ],
      "dev": true,
      "optional": true,
      "os": [
        "darwin"
      ]
    },
    "node_modules/turbo-freebsd-64": {
      "version": "1.2.11",
      "resolved": "https://registry.npmjs.org/turbo-freebsd-64/-/turbo-freebsd-64-1.2.11.tgz",
      "integrity": "sha512-VyIU1Z6rX1f05O2jxjYBmOCTgHLFzLo6TrXY+iveSHwHMWlnz35rQf9fQNNXqR3QthNhZVRhlW1lImA7C9gxoQ==",
      "cpu": [
        "x64"
      ],
      "dev": true,
      "optional": true,
      "os": [
        "freebsd"
      ]
    },
    "node_modules/turbo-freebsd-arm64": {
      "version": "1.2.11",
      "resolved": "https://registry.npmjs.org/turbo-freebsd-arm64/-/turbo-freebsd-arm64-1.2.11.tgz",
      "integrity": "sha512-o4gVCdCLyz4ymLVxUh+hu2GCiYb0ODfT94z1FJvEGv/10mh+iygxkmI0UOwTQjBTwjLfaAmoHB8ujMDCt65XPQ==",
      "cpu": [
        "arm64"
      ],
      "dev": true,
      "optional": true,
      "os": [
        "freebsd"
      ]
    },
    "node_modules/turbo-linux-32": {
      "version": "1.2.11",
      "resolved": "https://registry.npmjs.org/turbo-linux-32/-/turbo-linux-32-1.2.11.tgz",
      "integrity": "sha512-fvDEKWnJIumdeB5QxABybadBWSS5TWN4z3cnJEoLGj1yGFhTOULmquT9LeRNo8qwxBOkRP0PX8J5GHspbrN5rw==",
      "cpu": [
        "ia32"
      ],
      "dev": true,
      "optional": true,
      "os": [
        "linux"
      ]
    },
    "node_modules/turbo-linux-64": {
      "version": "1.2.11",
      "resolved": "https://registry.npmjs.org/turbo-linux-64/-/turbo-linux-64-1.2.11.tgz",
      "integrity": "sha512-N/hJDouCid0WF/pNXDIYQf+6fbZXspHME+KpWjiZcRgMrs+IU6Nni/roXXlGzZSe/w2sQGo4FENpR4jP9qBP7w==",
      "cpu": [
        "x64"
      ],
      "dev": true,
      "optional": true,
      "os": [
        "linux"
      ]
    },
    "node_modules/turbo-linux-arm": {
      "version": "1.2.11",
      "resolved": "https://registry.npmjs.org/turbo-linux-arm/-/turbo-linux-arm-1.2.11.tgz",
      "integrity": "sha512-wbti79x3XOt/l28J7MHRyoLW8KkKG/PeC053OSU+bCFx8Q7eCfsXW2CY9ihNZOqSf0H/e+62w0XSerjSOyGO0A==",
      "cpu": [
        "arm"
      ],
      "dev": true,
      "optional": true,
      "os": [
        "linux"
      ]
    },
    "node_modules/turbo-linux-arm64": {
      "version": "1.2.11",
      "resolved": "https://registry.npmjs.org/turbo-linux-arm64/-/turbo-linux-arm64-1.2.11.tgz",
      "integrity": "sha512-dXe+uy+n61ZL2LScyPjO1dIzqWuUTgyYUaRW5qMoyqtgxKu2e741eCvigLKm4FpNKZ3zxeoiI4svpW4ZU6Hq9g==",
      "cpu": [
        "arm64"
      ],
      "dev": true,
      "optional": true,
      "os": [
        "linux"
      ]
    },
    "node_modules/turbo-linux-mips64le": {
      "version": "1.2.11",
      "resolved": "https://registry.npmjs.org/turbo-linux-mips64le/-/turbo-linux-mips64le-1.2.11.tgz",
      "integrity": "sha512-RuG12lCJTgsXmHckfyoZxoNchemPZ/Oo4Db06G4KF3SIn2jTycAzNqj5c/tfYdZuntIoafjrOpwxYbnbj0a2Qw==",
      "cpu": [
        "mips64el"
      ],
      "dev": true,
      "optional": true,
      "os": [
        "linux"
      ]
    },
    "node_modules/turbo-linux-ppc64le": {
      "version": "1.2.11",
      "resolved": "https://registry.npmjs.org/turbo-linux-ppc64le/-/turbo-linux-ppc64le-1.2.11.tgz",
      "integrity": "sha512-Bl01W8CcwaSSNjVAO8HN3CDl5RwpTo/8iKTMiHyH8S14xWf2ffTEDNNPwQScIuJx5A44f6nkz7cv+IrV/eY1Og==",
      "cpu": [
        "ppc64"
      ],
      "dev": true,
      "optional": true,
      "os": [
        "linux"
      ]
    },
    "node_modules/turbo-windows-32": {
      "version": "1.2.11",
      "resolved": "https://registry.npmjs.org/turbo-windows-32/-/turbo-windows-32-1.2.11.tgz",
      "integrity": "sha512-U0b769P0U27mCG7zP5StNe+DhBZ7cPGEwRb7/mHsCsJpAVCWbOwM9tKNu6hJ3eeVIjuFyDM1UCisCelE6gG1Og==",
      "cpu": [
        "ia32"
      ],
      "dev": true,
      "optional": true,
      "os": [
        "win32"
      ]
    },
    "node_modules/turbo-windows-64": {
      "version": "1.2.11",
      "resolved": "https://registry.npmjs.org/turbo-windows-64/-/turbo-windows-64-1.2.11.tgz",
      "integrity": "sha512-+59JLynPElhttEZkDy4hFp8nCj/21PxDNs60LXFkYDggxRPDT6qKkO5t65b8f/f9O1bvLqflzIoSuydZ8OO8EA==",
      "cpu": [
        "x64"
      ],
      "dev": true,
      "optional": true,
      "os": [
        "win32"
      ]
    },
    "node_modules/turbo-windows-arm64": {
      "version": "1.2.11",
      "resolved": "https://registry.npmjs.org/turbo-windows-arm64/-/turbo-windows-arm64-1.2.11.tgz",
      "integrity": "sha512-DyoE2Zt5LE4czg0JE32fvZVpVVynYyStLUiBa/FO5GA5ppIH9z5Wn2wai13xvGzACQoDL+e3lyQu1/u3UgVyxQ==",
      "cpu": [
        "arm64"
      ],
      "dev": true,
      "optional": true,
      "os": [
        "win32"
      ]
    },
    "node_modules/typescript": {
      "version": "4.6.4",
      "resolved": "https://registry.npmjs.org/typescript/-/typescript-4.6.4.tgz",
      "integrity": "sha512-9ia/jWHIEbo49HfjrLGfKbZSuWo9iTMwXO+Ca3pRsSpbsMbc7/IU8NKdCZVRRBafVPGnoJeFL76ZOAA84I9fEg==",
      "dev": true,
      "bin": {
        "tsc": "bin/tsc",
        "tsserver": "bin/tsserver"
      },
      "engines": {
        "node": ">=4.2.0"
      }
    }
  },
  "dependencies": {
    "prettier": {
      "version": "2.6.2",
      "resolved": "https://registry.npmjs.org/prettier/-/prettier-2.6.2.tgz",
      "integrity": "sha512-PkUpF+qoXTqhOeWL9fu7As8LXsIUZ1WYaJiY/a7McAQzxjk82OF0tibkFXVCDImZtWxbvojFjerkiLb0/q8mew==",
      "dev": true
    },
    "turbo": {
      "version": "1.2.11",
      "resolved": "https://registry.npmjs.org/turbo/-/turbo-1.2.11.tgz",
      "integrity": "sha512-m10xpV4QzTf6Cx/zpUflauXVjI4KK5BY5Msz0OBbt2qWU640JM/qWHGNAs12ZgosdwR9rw1bv9PgmuVCNbY0pg==",
      "dev": true,
      "requires": {
        "turbo-darwin-64": "1.2.11",
        "turbo-darwin-arm64": "1.2.11",
        "turbo-freebsd-64": "1.2.11",
        "turbo-freebsd-arm64": "1.2.11",
        "turbo-linux-32": "1.2.11",
        "turbo-linux-64": "1.2.11",
        "turbo-linux-arm": "1.2.11",
        "turbo-linux-arm64": "1.2.11",
        "turbo-linux-mips64le": "1.2.11",
        "turbo-linux-ppc64le": "1.2.11",
        "turbo-windows-32": "1.2.11",
        "turbo-windows-64": "1.2.11",
        "turbo-windows-arm64": "1.2.11"
      }
    },
    "turbo-darwin-64": {
      "version": "1.2.11",
      "resolved": "https://registry.npmjs.org/turbo-darwin-64/-/turbo-darwin-64-1.2.11.tgz",
      "integrity": "sha512-UupYR63l7UaUPW6cKUSlpA98hEeCh1OSPWFf02igbvADUCi54Hv0uy4uNZPPago0NKFmmeGUO2wcsLIFrAZYrA==",
      "dev": true,
      "optional": true
    },
    "turbo-darwin-arm64": {
      "version": "1.2.11",
      "resolved": "https://registry.npmjs.org/turbo-darwin-arm64/-/turbo-darwin-arm64-1.2.11.tgz",
      "integrity": "sha512-Bvd1UDNrZuDTFXPN1/Yg/p2AyhzY2KtoAyvhGrF30SM1d2k8G9HtO7z47eX4pvF6biNd5+d7WN+kwLs74UzBmw==",
      "dev": true,
      "optional": true
    },
    "turbo-freebsd-64": {
      "version": "1.2.11",
      "resolved": "https://registry.npmjs.org/turbo-freebsd-64/-/turbo-freebsd-64-1.2.11.tgz",
      "integrity": "sha512-VyIU1Z6rX1f05O2jxjYBmOCTgHLFzLo6TrXY+iveSHwHMWlnz35rQf9fQNNXqR3QthNhZVRhlW1lImA7C9gxoQ==",
      "dev": true,
      "optional": true
    },
    "turbo-freebsd-arm64": {
      "version": "1.2.11",
      "resolved": "https://registry.npmjs.org/turbo-freebsd-arm64/-/turbo-freebsd-arm64-1.2.11.tgz",
      "integrity": "sha512-o4gVCdCLyz4ymLVxUh+hu2GCiYb0ODfT94z1FJvEGv/10mh+iygxkmI0UOwTQjBTwjLfaAmoHB8ujMDCt65XPQ==",
      "dev": true,
      "optional": true
    },
    "turbo-linux-32": {
      "version": "1.2.11",
      "resolved": "https://registry.npmjs.org/turbo-linux-32/-/turbo-linux-32-1.2.11.tgz",
      "integrity": "sha512-fvDEKWnJIumdeB5QxABybadBWSS5TWN4z3cnJEoLGj1yGFhTOULmquT9LeRNo8qwxBOkRP0PX8J5GHspbrN5rw==",
      "dev": true,
      "optional": true
    },
    "turbo-linux-64": {
      "version": "1.2.11",
      "resolved": "https://registry.npmjs.org/turbo-linux-64/-/turbo-linux-64-1.2.11.tgz",
      "integrity": "sha512-N/hJDouCid0WF/pNXDIYQf+6fbZXspHME+KpWjiZcRgMrs+IU6Nni/roXXlGzZSe/w2sQGo4FENpR4jP9qBP7w==",
      "dev": true,
      "optional": true
    },
    "turbo-linux-arm": {
      "version": "1.2.11",
      "resolved": "https://registry.npmjs.org/turbo-linux-arm/-/turbo-linux-arm-1.2.11.tgz",
      "integrity": "sha512-wbti79x3XOt/l28J7MHRyoLW8KkKG/PeC053OSU+bCFx8Q7eCfsXW2CY9ihNZOqSf0H/e+62w0XSerjSOyGO0A==",
      "dev": true,
      "optional": true
    },
    "turbo-linux-arm64": {
      "version": "1.2.11",
      "resolved": "https://registry.npmjs.org/turbo-linux-arm64/-/turbo-linux-arm64-1.2.11.tgz",
      "integrity": "sha512-dXe+uy+n61ZL2LScyPjO1dIzqWuUTgyYUaRW5qMoyqtgxKu2e741eCvigLKm4FpNKZ3zxeoiI4svpW4ZU6Hq9g==",
      "dev": true,
      "optional": true
    },
    "turbo-linux-mips64le": {
      "version": "1.2.11",
      "resolved": "https://registry.npmjs.org/turbo-linux-mips64le/-/turbo-linux-mips64le-1.2.11.tgz",
      "integrity": "sha512-RuG12lCJTgsXmHckfyoZxoNchemPZ/Oo4Db06G4KF3SIn2jTycAzNqj5c/tfYdZuntIoafjrOpwxYbnbj0a2Qw==",
      "dev": true,
      "optional": true
    },
    "turbo-linux-ppc64le": {
      "version": "1.2.11",
      "resolved": "https://registry.npmjs.org/turbo-linux-ppc64le/-/turbo-linux-ppc64le-1.2.11.tgz",
      "integrity": "sha512-Bl01W8CcwaSSNjVAO8HN3CDl5RwpTo/8iKTMiHyH8S14xWf2ffTEDNNPwQScIuJx5A44f6nkz7cv+IrV/eY1Og==",
      "dev": true,
      "optional": true
    },
    "turbo-windows-32": {
      "version": "1.2.11",
      "resolved": "https://registry.npmjs.org/turbo-windows-32/-/turbo-windows-32-1.2.11.tgz",
      "integrity": "sha512-U0b769P0U27mCG7zP5StNe+DhBZ7cPGEwRb7/mHsCsJpAVCWbOwM9tKNu6hJ3eeVIjuFyDM1UCisCelE6gG1Og==",
      "dev": true,
      "optional": true
    },
    "turbo-windows-64": {
      "version": "1.2.11",
      "resolved": "https://registry.npmjs.org/turbo-windows-64/-/turbo-windows-64-1.2.11.tgz",
      "integrity": "sha512-+59JLynPElhttEZkDy4hFp8nCj/21PxDNs60LXFkYDggxRPDT6qKkO5t65b8f/f9O1bvLqflzIoSuydZ8OO8EA==",
      "dev": true,
      "optional": true
    },
    "turbo-windows-arm64": {
      "version": "1.2.11",
      "resolved": "https://registry.npmjs.org/turbo-windows-arm64/-/turbo-windows-arm64-1.2.11.tgz",
      "integrity": "sha512-DyoE2Zt5LE4czg0JE32fvZVpVVynYyStLUiBa/FO5GA5ppIH9z5Wn2wai13xvGzACQoDL+e3lyQu1/u3UgVyxQ==",
      "dev": true,
      "optional": true
    },
    "typescript": {
      "version": "4.6.4",
      "resolved": "https://registry.npmjs.org/typescript/-/typescript-4.6.4.tgz",
      "integrity": "sha512-9ia/jWHIEbo49HfjrLGfKbZSuWo9iTMwXO+Ca3pRsSpbsMbc7/IU8NKdCZVRRBafVPGnoJeFL76ZOAA84I9fEg==",
      "dev": true
    }
  }
}
