# THIS IS AN AUTOGENERATED FILE. DO NOT EDIT THIS FILE DIRECTLY.
# yarn lockfile v1


"prettier@^2.5.0":
  "integrity" "sha512-PkUpF+qoXTqhOeWL9fu7As8LXsIUZ1WYaJiY/a7McAQzxjk82OF0tibkFXVCDImZtWxbvojFjerkiLb0/q8mew=="
  "resolved" "https://registry.npmjs.org/prettier/-/prettier-2.6.2.tgz"
  "version" "2.6.2"

"turbo-darwin-arm64@1.2.11":
  "integrity" "sha512-Bvd1UDNrZuDTFXPN1/Yg/p2AyhzY2KtoAyvhGrF30SM1d2k8G9HtO7z47eX4pvF6biNd5+d7WN+kwLs74UzBmw=="
  "resolved" "https://registry.npmjs.org/turbo-darwin-arm64/-/turbo-darwin-arm64-1.2.11.tgz"
  "version" "1.2.11"

"turbo@^1.2.8":
  "integrity" "sha512-m10xpV4QzTf6Cx/zpUflauXVjI4KK5BY5Msz0OBbt2qWU640JM/qWHGNAs12ZgosdwR9rw1bv9PgmuVCNbY0pg=="
  "resolved" "https://registry.npmjs.org/turbo/-/turbo-1.2.11.tgz"
  "version" "1.2.11"
  optionalDependencies:
    "turbo-darwin-64" "1.2.11"
    "turbo-darwin-arm64" "1.2.11"
    "turbo-freebsd-64" "1.2.11"
    "turbo-freebsd-arm64" "1.2.11"
    "turbo-linux-32" "1.2.11"
    "turbo-linux-64" "1.2.11"
    "turbo-linux-arm" "1.2.11"
    "turbo-linux-arm64" "1.2.11"
    "turbo-linux-mips64le" "1.2.11"
    "turbo-linux-ppc64le" "1.2.11"
    "turbo-windows-32" "1.2.11"
    "turbo-windows-64" "1.2.11"
    "turbo-windows-arm64" "1.2.11"

"typescript@>=3.0.0":
  "integrity" "sha512-9ia/jWHIEbo49HfjrLGfKbZSuWo9iTMwXO+Ca3pRsSpbsMbc7/IU8NKdCZVRRBafVPGnoJeFL76ZOAA84I9fEg=="
  "resolved" "https://registry.npmjs.org/typescript/-/typescript-4.6.4.tgz"
  "version" "4.6.4"
